// !$*UTF8*$!
{
	archiveVersion = 1;
	classes = {
	};
	objectVersion = 56;
	objects = {

/* Begin PBXBuildFile section */
		1BAD9DBE2993DBE60097488D /* TechNewsAppApp.swift in Sources */ = {isa = PBXBuildFile; fileRef = 1BAD9DBD2993DBE60097488D /* TechNewsAppApp.swift */; };
		1BAD9DC02993DBE60097488D /* ContentView.swift in Sources */ = {isa = PBXBuildFile; fileRef = 1BAD9DBF2993DBE60097488D /* ContentView.swift */; };
		1BAD9DC22993DBE70097488D /* Assets.xcassets in Resources */ = {isa = PBXBuildFile; fileRef = 1BAD9DC12993DBE70097488D /* Assets.xcassets */; };
		1BAD9DC52993DBE70097488D /* Preview Assets.xcassets in Resources */ = {isa = PBXBuildFile; fileRef = 1BAD9DC42993DBE70097488D /* Preview Assets.xcassets */; };
		1BAD9DCC2993DC3B0097488D /* DetailView.swift in Sources */ = {isa = PBXBuildFile; fileRef = 1BAD9DCB2993DC3B0097488D /* DetailView.swift */; };
		1BAD9DCE2993DC600097488D /* WebView.swift in Sources */ = {isa = PBXBuildFile; fileRef = 1BAD9DCD2993DC600097488D /* WebView.swift */; };
		1BAD9DD12993DC9C0097488D /* NetworkManager.swift in Sources */ = {isa = PBXBuildFile; fileRef = 1BAD9DD02993DC9C0097488D /* NetworkManager.swift */; };
		1BAD9DD32993DCB80097488D /* PostData.swift in Sources */ = {isa = PBXBuildFile; fileRef = 1BAD9DD22993DCB80097488D /* PostData.swift */; };
/* End PBXBuildFile section */

/* Begin PBXFileReference section */
		1BAD9DBA2993DBE60097488D /* TechNewsApp.app */ = {isa = PBXFileReference; explicitFileType = wrapper.application; includeInIndex = 0; path = TechNewsApp.app; sourceTree = BUILT_PRODUCTS_DIR; };
		1BAD9DBD2993DBE60097488D /* TechNewsAppApp.swift */ = {isa = PBXFileReference; lastKnownFileType = sourcecode.swift; path = TechNewsAppApp.swift; sourceTree = "<group>"; };
		1BAD9DBF2993DBE60097488D /* ContentView.swift */ = {isa = PBXFileReference; lastKnownFileType = sourcecode.swift; path = ContentView.swift; sourceTree = "<group>"; };
		1BAD9DC12993DBE70097488D /* Assets.xcassets */ = {isa = PBXFileReference; lastKnownFileType = folder.assetcatalog; path = Assets.xcassets; sourceTree = "<group>"; };
		1BAD9DC42993DBE70097488D /* Preview Assets.xcassets */ = {isa = PBXFileReference; lastKnownFileType = folder.assetcatalog; path = "Preview Assets.xcassets"; sourceTree = "<group>"; };
		1BAD9DCB2993DC3B0097488D /* DetailView.swift */ = {isa = PBXFileReference; lastKnownFileType = sourcecode.swift; path = DetailView.swift; sourceTree = "<group>"; };
		1BAD9DCD2993DC600097488D /* WebView.swift */ = {isa = PBXFileReference; lastKnownFileType = sourcecode.swift; path = WebView.swift; sourceTree = "<group>"; };
		1BAD9DD02993DC9C0097488D /* NetworkManager.swift */ = {isa = PBXFileReference; lastKnownFileType = sourcecode.swift; path = NetworkManager.swift; sourceTree = "<group>"; };
		1BAD9DD22993DCB80097488D /* PostData.swift */ = {isa = PBXFileReference; lastKnownFileType = sourcecode.swift; path = PostData.swift; sourceTree = "<group>"; };
/* End PBXFileReference section */

/* Begin PBXFrameworksBuildPhase section */
		1BAD9DB72993DBE60097488D /* Frameworks */ = {
			isa = PBXFrameworksBuildPhase;
			buildActionMask = 2147483647;
			files = (
			);
			runOnlyForDeploymentPostprocessing = 0;
		};
/* End PBXFrameworksBuildPhase section */

/* Begin PBXGroup section */
		1BAD9DB12993DBE60097488D = {
			isa = PBXGroup;
			children = (
				1BAD9DBC2993DBE60097488D /* TechNewsApp */,
				1BAD9DBB2993DBE60097488D /* Products */,
			);
			sourceTree = "<group>";
		};
		1BAD9DBB2993DBE60097488D /* Products */ = {
			isa = PBXGroup;
			children = (
				1BAD9DBA2993DBE60097488D /* TechNewsApp.app */,
			);
			name = Products;
			sourceTree = "<group>";
		};
		1BAD9DBC2993DBE60097488D /* TechNewsApp */ = {
			isa = PBXGroup;
			children = (
				1BAD9DBD2993DBE60097488D /* TechNewsAppApp.swift */,
				1BAD9DD42993DCC90097488D /* Models */,
				1BAD9DCF2993DC820097488D /* Views */,
				1BAD9DC12993DBE70097488D /* Assets.xcassets */,
				1BAD9DC32993DBE70097488D /* Preview Content */,
			);
			path = TechNewsApp;
			sourceTree = "<group>";
		};
		1BAD9DC32993DBE70097488D /* Preview Content */ = {
			isa = PBXGroup;
			children = (
				1BAD9DC42993DBE70097488D /* Preview Assets.xcassets */,
			);
			path = "Preview Content";
			sourceTree = "<group>";
		};
		1BAD9DCF2993DC820097488D /* Views */ = {
			isa = PBXGroup;
			children = (
				1BAD9DCD2993DC600097488D /* WebView.swift */,
				1BAD9DBF2993DBE60097488D /* ContentView.swift */,
				1BAD9DCB2993DC3B0097488D /* DetailView.swift */,
			);
			path = Views;
			sourceTree = "<group>";
		};
		1BAD9DD42993DCC90097488D /* Models */ = {
			isa = PBXGroup;
			children = (
				1BAD9DD02993DC9C0097488D /* NetworkManager.swift */,
				1BAD9DD22993DCB80097488D /* PostData.swift */,
			);
			path = Models;
			sourceTree = "<group>";
		};
/* End PBXGroup section */

/* Begin PBXNativeTarget section */
		1BAD9DB92993DBE60097488D /* TechNewsApp */ = {
			isa = PBXNativeTarget;
			buildConfigurationList = 1BAD9DC82993DBE70097488D /* Build configuration list for PBXNativeTarget "TechNewsApp" */;
			buildPhases = (
				1BAD9DB62993DBE60097488D /* Sources */,
				1BAD9DB72993DBE60097488D /* Frameworks */,
				1BAD9DB82993DBE60097488D /* Resources */,
			);
			buildRules = (
			);
			dependencies = (
			);
			name = TechNewsApp;
			productName = TechNewsApp;
			productReference = 1BAD9DBA2993DBE60097488D /* TechNewsApp.app */;
			productType = "com.apple.product-type.application";
		};
/* End PBXNativeTarget section */

/* Begin PBXProject section */
		1BAD9DB22993DBE60097488D /* Project object */ = {
			isa = PBXProject;
			attributes = {
				BuildIndependentTargetsInParallel = 1;
				LastSwiftUpdateCheck = 1420;
				LastUpgradeCheck = 1420;
				TargetAttributes = {
					1BAD9DB92993DBE60097488D = {
						CreatedOnToolsVersion = 14.2;
					};
				};
			};
			buildConfigurationList = 1BAD9DB52993DBE60097488D /* Build configuration list for PBXProject "TechNewsApp" */;
			compatibilityVersion = "Xcode 14.0";
			developmentRegion = en;
			hasScannedForEncodings = 0;
			knownRegions = (
				en,
				Base,
			);
			mainGroup = 1BAD9DB12993DBE60097488D;
			productRefGroup = 1BAD9DBB2993DBE60097488D /* Products */;
			projectDirPath = "";
			projectRoot = "";
			targets = (
				1BAD9DB92993DBE60097488D /* TechNewsApp */,
			);
		};
/* End PBXProject section */

/* Begin PBXResourcesBuildPhase section */
		1BAD9DB82993DBE60097488D /* Resources */ = {
			isa = PBXResourcesBuildPhase;
			buildActionMask = 2147483647;
			files = (
				1BAD9DC52993DBE70097488D /* Preview Assets.xcassets in Resources */,
				1BAD9DC22993DBE70097488D /* Assets.xcassets in Resources */,
			);
			runOnlyForDeploymentPostprocessing = 0;
		};
/* End PBXResourcesBuildPhase section */

/* Begin PBXSourcesBuildPhase section */
		1BAD9DB62993DBE60097488D /* Sources */ = {
			isa = PBXSourcesBuildPhase;
			buildActionMask = 2147483647;
			files = (
				1BAD9DC02993DBE60097488D /* ContentView.swift in Sources */,
				1BAD9DD32993DCB80097488D /* PostData.swift in Sources */,
				1BAD9DCE2993DC600097488D /* WebView.swift in Sources */,
				1BAD9DD12993DC9C0097488D /* NetworkManager.swift in Sources */,
				1BAD9DCC2993DC3B0097488D /* DetailView.swift in Sources */,
				1BAD9DBE2993DBE60097488D /* TechNewsAppApp.swift in Sources */,
			);
			runOnlyForDeploymentPostprocessing = 0;
		};
/* End PBXSourcesBuildPhase section */

/* Begin XCBuildConfiguration section */
		1BAD9DC62993DBE70097488D /* Debug */ = {
			isa = XCBuildConfiguration;
			buildSettings = {
				ALWAYS_SEARCH_USER_PATHS = NO;
				CLANG_ANALYZER_NONNULL = YES;
				CLANG_ANALYZER_NUMBER_OBJECT_CONVERSION = YES_AGGRESSIVE;
				CLANG_CXX_LANGUAGE_STANDARD = "gnu++20";
				CLANG_ENABLE_MODULES = YES;
				CLANG_ENABLE_OBJC_ARC = YES;
				CLANG_ENABLE_OBJC_WEAK = YES;
				CLANG_WARN_BLOCK_CAPTURE_AUTORELEASING = YES;
				CLANG_WARN_BOOL_CONVERSION = YES;
				CLANG_WARN_COMMA = YES;
				CLANG_WARN_CONSTANT_CONVERSION = YES;
				CLANG_WARN_DEPRECATED_OBJC_IMPLEMENTATIONS = YES;
				CLANG_WARN_DIRECT_OBJC_ISA_USAGE = YES_ERROR;
				CLANG_WARN_DOCUMENTATION_COMMENTS = YES;
				CLANG_WARN_EMPTY_BODY = YES;
				CLANG_WARN_ENUM_CONVERSION = YES;
				CLANG_WARN_INFINITE_RECURSION = YES;
				CLANG_WARN_INT_CONVERSION = YES;
				CLANG_WARN_NON_LITERAL_NULL_CONVERSION = YES;
				CLANG_WARN_OBJC_IMPLICIT_RETAIN_SELF = YES;
				CLANG_WARN_OBJC_LITERAL_CONVERSION = YES;
				CLANG_WARN_OBJC_ROOT_CLASS = YES_ERROR;
				CLANG_WARN_QUOTED_INCLUDE_IN_FRAMEWORK_HEADER = YES;
				CLANG_WARN_RANGE_LOOP_ANALYSIS = YES;
				CLANG_WARN_STRICT_PROTOTYPES = YES;
				CLANG_WARN_SUSPICIOUS_MOVE = YES;
				CLANG_WARN_UNGUARDED_AVAILABILITY = YES_AGGRESSIVE;
				CLANG_WARN_UNREACHABLE_CODE = YES;
				CLANG_WARN__DUPLICATE_METHOD_MATCH = YES;
				COPY_PHASE_STRIP = NO;
				DEBUG_INFORMATION_FORMAT = dwarf;
				ENABLE_STRICT_OBJC_MSGSEND = YES;
				ENABLE_TESTABILITY = YES;
				GCC_C_LANGUAGE_STANDARD = gnu11;
				GCC_DYNAMIC_NO_PIC = NO;
				GCC_NO_COMMON_BLOCKS = YES;
				GCC_OPTIMIZATION_LEVEL = 0;
				GCC_PREPROCESSOR_DEFINITIONS = (
					"DEBUG=1",
					"$(inherited)",
				);
				GCC_WARN_64_TO_32_BIT_CONVERSION = YES;
				GCC_WARN_ABOUT_RETURN_TYPE = YES_ERROR;
				GCC_WARN_UNDECLARED_SELECTOR = YES;
				GCC_WARN_UNINITIALIZED_AUTOS = YES_AGGRESSIVE;
				GCC_WARN_UNUSED_FUNCTION = YES;
				GCC_WARN_UNUSED_VARIABLE = YES;
				IPHONEOS_DEPLOYMENT_TARGET = 16.2;
				MTL_ENABLE_DEBUG_INFO = INCLUDE_SOURCE;
				MTL_FAST_MATH = YES;
				ONLY_ACTIVE_ARCH = YES;
				SDKROOT = iphoneos;
				SWIFT_ACTIVE_COMPILATION_CONDITIONS = DEBUG;
				SWIFT_OPTIMIZATION_LEVEL = "-Onone";
			};
			name = Debug;
		};
		1BAD9DC72993DBE70097488D /* Release */ = {
			isa = XCBuildConfiguration;
			buildSettings = {
				ALWAYS_SEARCH_USER_PATHS = NO;
				CLANG_ANALYZER_NONNULL = YES;
				CLANG_ANALYZER_NUMBER_OBJECT_CONVERSION = YES_AGGRESSIVE;
				CLANG_CXX_LANGUAGE_STANDARD = "gnu++20";
				CLANG_ENABLE_MODULES = YES;
				CLANG_ENABLE_OBJC_ARC = YES;
				CLANG_ENABLE_OBJC_WEAK = YES;
				CLANG_WARN_BLOCK_CAPTURE_AUTORELEASING = YES;
				CLANG_WARN_BOOL_CONVERSION = YES;
				CLANG_WARN_COMMA = YES;
				CLANG_WARN_CONSTANT_CONVERSION = YES;
				CLANG_WARN_DEPRECATED_OBJC_IMPLEMENTATIONS = YES;
				CLANG_WARN_DIRECT_OBJC_ISA_USAGE = YES_ERROR;
				CLANG_WARN_DOCUMENTATION_COMMENTS = YES;
				CLANG_WARN_EMPTY_BODY = YES;
				CLANG_WARN_ENUM_CONVERSION = YES;
				CLANG_WARN_INFINITE_RECURSION = YES;
				CLANG_WARN_INT_CONVERSION = YES;
				CLANG_WARN_NON_LITERAL_NULL_CONVERSION = YES;
				CLANG_WARN_OBJC_IMPLICIT_RETAIN_SELF = YES;
				CLANG_WARN_OBJC_LITERAL_CONVERSION = YES;
				CLANG_WARN_OBJC_ROOT_CLASS = YES_ERROR;
				CLANG_WARN_QUOTED_INCLUDE_IN_FRAMEWORK_HEADER = YES;
				CLANG_WARN_RANGE_LOOP_ANALYSIS = YES;
				CLANG_WARN_STRICT_PROTOTYPES = YES;
				CLANG_WARN_SUSPICIOUS_MOVE = YES;
				CLANG_WARN_UNGUARDED_AVAILABILITY = YES_AGGRESSIVE;
				CLANG_WARN_UNREACHABLE_CODE = YES;
				CLANG_WARN__DUPLICATE_METHOD_MATCH = YES;
				COPY_PHASE_STRIP = NO;
				DEBUG_INFORMATION_FORMAT = "dwarf-with-dsym";
				ENABLE_NS_ASSERTIONS = NO;
				ENABLE_STRICT_OBJC_MSGSEND = YES;
				GCC_C_LANGUAGE_STANDARD = gnu11;
				GCC_NO_COMMON_BLOCKS = YES;
				GCC_WARN_64_TO_32_BIT_CONVERSION = YES;
				GCC_WARN_ABOUT_RETURN_TYPE = YES_ERROR;
				GCC_WARN_UNDECLARED_SELECTOR = YES;
				GCC_WARN_UNINITIALIZED_AUTOS = YES_AGGRESSIVE;
				GCC_WARN_UNUSED_FUNCTION = YES;
				GCC_WARN_UNUSED_VARIABLE = YES;
				IPHONEOS_DEPLOYMENT_TARGET = 16.2;
				MTL_ENABLE_DEBUG_INFO = NO;
				MTL_FAST_MATH = YES;
				SDKROOT = iphoneos;
				SWIFT_COMPILATION_MODE = wholemodule;
				SWIFT_OPTIMIZATION_LEVEL = "-O";
				VALIDATE_PRODUCT = YES;
			};
			name = Release;
		};
		1BAD9DC92993DBE70097488D /* Debug */ = {
			isa = XCBuildConfiguration;
			buildSettings = {
				ASSETCATALOG_COMPILER_APPICON_NAME = AppIcon;
				ASSETCATALOG_COMPILER_GLOBAL_ACCENT_COLOR_NAME = AccentColor;
				CODE_SIGN_STYLE = Automatic;
				CURRENT_PROJECT_VERSION = 1;
				DEVELOPMENT_ASSET_PATHS = "\"TechNewsApp/Preview Content\"";
				DEVELOPMENT_TEAM = 928D3BZ374;
				ENABLE_PREVIEWS = YES;
				GENERATE_INFOPLIST_FILE = YES;
				INFOPLIST_KEY_UIApplicationSceneManifest_Generation = YES;
				INFOPLIST_KEY_UIApplicationSupportsIndirectInputEvents = YES;
				INFOPLIST_KEY_UILaunchScreen_Generation = YES;
				INFOPLIST_KEY_UISupportedInterfaceOrientations_iPad = "UIInterfaceOrientationPortrait UIInterfaceOrientationPortraitUpsideDown UIInterfaceOrientationLandscapeLeft UIInterfaceOrientationLandscapeRight";
				INFOPLIST_KEY_UISupportedInterfaceOrientations_iPhone = "UIInterfaceOrientationPortrait UIInterfaceOrientationLandscapeLeft UIInterfaceOrientationLandscapeRight";
				LD_RUNPATH_SEARCH_PATHS = (
					"$(inherited)",
					"@executable_path/Frameworks",
				);
				MARKETING_VERSION = 1.0;
				PRODUCT_BUNDLE_IDENTIFIER = com.nstukalo.TechNewsApp;
				PRODUCT_NAME = "$(TARGET_NAME)";
				SWIFT_EMIT_LOC_STRINGS = YES;
				SWIFT_VERSION = 5.0;
				TARGETED_DEVICE_FAMILY = "1,2";
			};
			name = Debug;
		};
		1BAD9DCA2993DBE70097488D /* Release */ = {
			isa = XCBuildConfiguration;
			buildSettings = {
				ASSETCATALOG_COMPILER_APPICON_NAME = AppIcon;
				ASSETCATALOG_COMPILER_GLOBAL_ACCENT_COLOR_NAME = AccentColor;
				CODE_SIGN_STYLE = Automatic;
				CURRENT_PROJECT_VERSION = 1;
				DEVELOPMENT_ASSET_PATHS = "\"TechNewsApp/Preview Content\"";
				DEVELOPMENT_TEAM = 928D3BZ374;
				ENABLE_PREVIEWS = YES;
				GENERATE_INFOPLIST_FILE = YES;
				INFOPLIST_KEY_UIApplicationSceneManifest_Generation = YES;
				INFOPLIST_KEY_UIApplicationSupportsIndirectInputEvents = YES;
				INFOPLIST_KEY_UILaunchScreen_Generation = YES;
				INFOPLIST_KEY_UISupportedInterfaceOrientations_iPad = "UIInterfaceOrientationPortrait UIInterfaceOrientationPortraitUpsideDown UIInterfaceOrientationLandscapeLeft UIInterfaceOrientationLandscapeRight";
				INFOPLIST_KEY_UISupportedInterfaceOrientations_iPhone = "UIInterfaceOrientationPortrait UIInterfaceOrientationLandscapeLeft UIInterfaceOrientationLandscapeRight";
				LD_RUNPATH_SEARCH_PATHS = (
					"$(inherited)",
					"@executable_path/Frameworks",
				);
				MARKETING_VERSION = 1.0;
				PRODUCT_BUNDLE_IDENTIFIER = com.nstukalo.TechNewsApp;
				PRODUCT_NAME = "$(TARGET_NAME)";
				SWIFT_EMIT_LOC_STRINGS = YES;
				SWIFT_VERSION = 5.0;
				TARGETED_DEVICE_FAMILY = "1,2";
			};
			name = Release;
		};
/* End XCBuildConfiguration section */

/* Begin XCConfigurationList section */
		1BAD9DB52993DBE60097488D /* Build configuration list for PBXProject "TechNewsApp" */ = {
			isa = XCConfigurationList;
			buildConfigurations = (
				1BAD9DC62993DBE70097488D /* Debug */,
				1BAD9DC72993DBE70097488D /* Release */,
			);
			defaultConfigurationIsVisible = 0;
			defaultConfigurationName = Release;
		};
		1BAD9DC82993DBE70097488D /* Build configuration list for PBXNativeTarget "TechNewsApp" */ = {
			isa = XCConfigurationList;
			buildConfigurations = (
				1BAD9DC92993DBE70097488D /* Debug */,
				1BAD9DCA2993DBE70097488D /* Release */,
			);
			defaultConfigurationIsVisible = 0;
			defaultConfigurationName = Release;
		};
/* End XCConfigurationList section */
	};
	rootObject = 1BAD9DB22993DBE60097488D /* Project object */;
}
